// !$*UTF8*$!
{
	archiveVersion = 1;
	classes = {
	};
	objectVersion = 56;
	objects = {

/* Begin PBXBuildFile section */
		C902D5022AFFB59300000F42 /* FeatureCard.swift in Sources */ = {isa = PBXBuildFile; fileRef = C902D5012AFFB59300000F42 /* FeatureCard.swift */; };
		C902D5052AFFB6F600000F42 /* PageView.swift in Sources */ = {isa = PBXBuildFile; fileRef = C902D5042AFFB6F600000F42 /* PageView.swift */; };
		C9412E192AED424400A33A52 /* LandmarkApp.swift in Sources */ = {isa = PBXBuildFile; fileRef = C9412E182AED424400A33A52 /* LandmarkApp.swift */; };
		C9412E1B2AED424400A33A52 /* ContentView.swift in Sources */ = {isa = PBXBuildFile; fileRef = C9412E1A2AED424400A33A52 /* ContentView.swift */; };
		C9412E1D2AED424700A33A52 /* Assets.xcassets in Resources */ = {isa = PBXBuildFile; fileRef = C9412E1C2AED424700A33A52 /* Assets.xcassets */; };
		C9412E212AED424700A33A52 /* Preview Assets.xcassets in Resources */ = {isa = PBXBuildFile; fileRef = C9412E202AED424700A33A52 /* Preview Assets.xcassets */; };
		C9412E2B2AED424700A33A52 /* TutorialTests.swift in Sources */ = {isa = PBXBuildFile; fileRef = C9412E2A2AED424700A33A52 /* TutorialTests.swift */; };
		C9412E352AED424800A33A52 /* TutorialUITests.swift in Sources */ = {isa = PBXBuildFile; fileRef = C9412E342AED424800A33A52 /* TutorialUITests.swift */; };
		C9412E372AED424800A33A52 /* TutorialUITestsLaunchTests.swift in Sources */ = {isa = PBXBuildFile; fileRef = C9412E362AED424800A33A52 /* TutorialUITestsLaunchTests.swift */; };
		C949D1492AEFFC190099CB56 /* MapView.swift in Sources */ = {isa = PBXBuildFile; fileRef = C949D1482AEFFC190099CB56 /* MapView.swift */; };
		C9B96DC82AF3EC5D00150DB8 /* Landmark.swift in Sources */ = {isa = PBXBuildFile; fileRef = C9B96DC72AF3EC5D00150DB8 /* Landmark.swift */; };
		C9B96DCA2AF3F4EE00150DB8 /* ModelData.swift in Sources */ = {isa = PBXBuildFile; fileRef = C9B96DC92AF3F4EE00150DB8 /* ModelData.swift */; };
		C9B96DCF2AF3F7A600150DB8 /* landmarkData.json in Resources */ = {isa = PBXBuildFile; fileRef = C9B96DCE2AF3F7A600150DB8 /* landmarkData.json */; };
		C9B96DD12AF3F90F00150DB8 /* LandmarkRow.swift in Sources */ = {isa = PBXBuildFile; fileRef = C9B96DD02AF3F90F00150DB8 /* LandmarkRow.swift */; };
		C9B96DD32AF3FBC600150DB8 /* LandmarkList.swift in Sources */ = {isa = PBXBuildFile; fileRef = C9B96DD22AF3FBC600150DB8 /* LandmarkList.swift */; };
		C9B96DD52AF3FF8000150DB8 /* LandmarkDetail.swift in Sources */ = {isa = PBXBuildFile; fileRef = C9B96DD42AF3FF8000150DB8 /* LandmarkDetail.swift */; };
		C9B96DD82AF4951F00150DB8 /* FavoriteButton.swift in Sources */ = {isa = PBXBuildFile; fileRef = C9B96DD72AF4951F00150DB8 /* FavoriteButton.swift */; };
		C9B96DDB2AF4C82A00150DB8 /* HexagonParameters.swift in Sources */ = {isa = PBXBuildFile; fileRef = C9B96DDA2AF4C82A00150DB8 /* HexagonParameters.swift */; };
		C9B96DDD2AF4CB4F00150DB8 /* BadgeBackground.swift in Sources */ = {isa = PBXBuildFile; fileRef = C9B96DDC2AF4CB4F00150DB8 /* BadgeBackground.swift */; };
		C9B96DDF2AF4CDFE00150DB8 /* BadgeSymbol.swift in Sources */ = {isa = PBXBuildFile; fileRef = C9B96DDE2AF4CDFE00150DB8 /* BadgeSymbol.swift */; };
		C9B96DE12AF4CE8500150DB8 /* RotatedBadgeSymbol.swift in Sources */ = {isa = PBXBuildFile; fileRef = C9B96DE02AF4CE8500150DB8 /* RotatedBadgeSymbol.swift */; };
		C9B96DE42AF4CEED00150DB8 /* Badge.swift in Sources */ = {isa = PBXBuildFile; fileRef = C9B96DE32AF4CEED00150DB8 /* Badge.swift */; };
		C9B96DE72AF4D5D000150DB8 /* hikeData.json in Resources */ = {isa = PBXBuildFile; fileRef = C9B96DE62AF4D5D000150DB8 /* hikeData.json */; };
		C9B96DE92AF4D5ED00150DB8 /* Hike.swift in Sources */ = {isa = PBXBuildFile; fileRef = C9B96DE82AF4D5ED00150DB8 /* Hike.swift */; };
		C9EAEFCC2AEFFED700922395 /* CircleImage.swift in Sources */ = {isa = PBXBuildFile; fileRef = C9EAEFCB2AEFFED700922395 /* CircleImage.swift */; };
		C9FEAF922AF74BDF0081099A /* HikeDetail.swift in Sources */ = {isa = PBXBuildFile; fileRef = C9FEAF8E2AF74BDE0081099A /* HikeDetail.swift */; };
		C9FEAF932AF74BDF0081099A /* HikeView.swift in Sources */ = {isa = PBXBuildFile; fileRef = C9FEAF8F2AF74BDE0081099A /* HikeView.swift */; };
		C9FEAF942AF74BDF0081099A /* HikeGraph.swift in Sources */ = {isa = PBXBuildFile; fileRef = C9FEAF902AF74BDF0081099A /* HikeGraph.swift */; };
		C9FEAF952AF74BDF0081099A /* GraphCapsule.swift in Sources */ = {isa = PBXBuildFile; fileRef = C9FEAF912AF74BDF0081099A /* GraphCapsule.swift */; };
		C9FEAF982AF7BE230081099A /* CategoryHome.swift in Sources */ = {isa = PBXBuildFile; fileRef = C9FEAF972AF7BE230081099A /* CategoryHome.swift */; };
		C9FEAF9A2AF7C34C0081099A /* CategoryRow.swift in Sources */ = {isa = PBXBuildFile; fileRef = C9FEAF992AF7C34C0081099A /* CategoryRow.swift */; };
		C9FEAF9C2AF7C76B0081099A /* CategoryItem.swift in Sources */ = {isa = PBXBuildFile; fileRef = C9FEAF9B2AF7C76B0081099A /* CategoryItem.swift */; };
		C9FEAF9E2AF91F900081099A /* Profile.swift in Sources */ = {isa = PBXBuildFile; fileRef = C9FEAF9D2AF91F900081099A /* Profile.swift */; };
		C9FEAFA72AFA75810081099A /* ProfileSummary.swift in Sources */ = {isa = PBXBuildFile; fileRef = C9FEAFA62AFA75810081099A /* ProfileSummary.swift */; };
		C9FEAFA92AFA75970081099A /* ProfileHost.swift in Sources */ = {isa = PBXBuildFile; fileRef = C9FEAFA82AFA75970081099A /* ProfileHost.swift */; };
		C9FEAFAB2AFA76540081099A /* HikeBadge.swift in Sources */ = {isa = PBXBuildFile; fileRef = C9FEAFAA2AFA76540081099A /* HikeBadge.swift */; };
		C9FEAFAD2AFD07C90081099A /* ProfileEditor.swift in Sources */ = {isa = PBXBuildFile; fileRef = C9FEAFAC2AFD07C90081099A /* ProfileEditor.swift */; };
		C9FEAFB02AFE5E260081099A /* PageViewController.swift in Sources */ = {isa = PBXBuildFile; fileRef = C9FEAFAF2AFE5E260081099A /* PageViewController.swift */; };
/* End PBXBuildFile section */

/* Begin PBXContainerItemProxy section */
		C9412E272AED424700A33A52 /* PBXContainerItemProxy */ = {
			isa = PBXContainerItemProxy;
			containerPortal = C9412E0D2AED424400A33A52 /* Project object */;
			proxyType = 1;
			remoteGlobalIDString = C9412E142AED424400A33A52;
			remoteInfo = Tutorial;
		};
		C9412E312AED424800A33A52 /* PBXContainerItemProxy */ = {
			isa = PBXContainerItemProxy;
			containerPortal = C9412E0D2AED424400A33A52 /* Project object */;
			proxyType = 1;
			remoteGlobalIDString = C9412E142AED424400A33A52;
			remoteInfo = Tutorial;
		};
/* End PBXContainerItemProxy section */

/* Begin PBXFileReference section */
		C902D5012AFFB59300000F42 /* FeatureCard.swift */ = {isa = PBXFileReference; lastKnownFileType = sourcecode.swift; path = FeatureCard.swift; sourceTree = "<group>"; };
		C902D5042AFFB6F600000F42 /* PageView.swift */ = {isa = PBXFileReference; lastKnownFileType = sourcecode.swift; path = PageView.swift; sourceTree = "<group>"; };
		C9412E152AED424400A33A52 /* Tutorial.app */ = {isa = PBXFileReference; explicitFileType = wrapper.application; includeInIndex = 0; path = Tutorial.app; sourceTree = BUILT_PRODUCTS_DIR; };
		C9412E182AED424400A33A52 /* LandmarkApp.swift */ = {isa = PBXFileReference; lastKnownFileType = sourcecode.swift; path = LandmarkApp.swift; sourceTree = "<group>"; };
		C9412E1A2AED424400A33A52 /* ContentView.swift */ = {isa = PBXFileReference; lastKnownFileType = sourcecode.swift; path = ContentView.swift; sourceTree = "<group>"; };
		C9412E1C2AED424700A33A52 /* Assets.xcassets */ = {isa = PBXFileReference; lastKnownFileType = folder.assetcatalog; path = Assets.xcassets; sourceTree = "<group>"; };
		C9412E1E2AED424700A33A52 /* Tutorial.entitlements */ = {isa = PBXFileReference; lastKnownFileType = text.plist.entitlements; path = Tutorial.entitlements; sourceTree = "<group>"; };
		C9412E202AED424700A33A52 /* Preview Assets.xcassets */ = {isa = PBXFileReference; lastKnownFileType = folder.assetcatalog; path = "Preview Assets.xcassets"; sourceTree = "<group>"; };
		C9412E262AED424700A33A52 /* TutorialTests.xctest */ = {isa = PBXFileReference; explicitFileType = wrapper.cfbundle; includeInIndex = 0; path = TutorialTests.xctest; sourceTree = BUILT_PRODUCTS_DIR; };
		C9412E2A2AED424700A33A52 /* TutorialTests.swift */ = {isa = PBXFileReference; lastKnownFileType = sourcecode.swift; path = TutorialTests.swift; sourceTree = "<group>"; };
		C9412E302AED424800A33A52 /* TutorialUITests.xctest */ = {isa = PBXFileReference; explicitFileType = wrapper.cfbundle; includeInIndex = 0; path = TutorialUITests.xctest; sourceTree = BUILT_PRODUCTS_DIR; };
		C9412E342AED424800A33A52 /* TutorialUITests.swift */ = {isa = PBXFileReference; lastKnownFileType = sourcecode.swift; path = TutorialUITests.swift; sourceTree = "<group>"; };
		C9412E362AED424800A33A52 /* TutorialUITestsLaunchTests.swift */ = {isa = PBXFileReference; lastKnownFileType = sourcecode.swift; path = TutorialUITestsLaunchTests.swift; sourceTree = "<group>"; };
		C949D1482AEFFC190099CB56 /* MapView.swift */ = {isa = PBXFileReference; lastKnownFileType = sourcecode.swift; path = MapView.swift; sourceTree = "<group>"; };
		C9B96DC72AF3EC5D00150DB8 /* Landmark.swift */ = {isa = PBXFileReference; lastKnownFileType = sourcecode.swift; path = Landmark.swift; sourceTree = "<group>"; };
		C9B96DC92AF3F4EE00150DB8 /* ModelData.swift */ = {isa = PBXFileReference; lastKnownFileType = sourcecode.swift; path = ModelData.swift; sourceTree = "<group>"; };
		C9B96DCE2AF3F7A600150DB8 /* landmarkData.json */ = {isa = PBXFileReference; fileEncoding = 4; lastKnownFileType = text.json; path = landmarkData.json; sourceTree = "<group>"; };
		C9B96DD02AF3F90F00150DB8 /* LandmarkRow.swift */ = {isa = PBXFileReference; lastKnownFileType = sourcecode.swift; path = LandmarkRow.swift; sourceTree = "<group>"; };
		C9B96DD22AF3FBC600150DB8 /* LandmarkList.swift */ = {isa = PBXFileReference; lastKnownFileType = sourcecode.swift; path = LandmarkList.swift; sourceTree = "<group>"; };
		C9B96DD42AF3FF8000150DB8 /* LandmarkDetail.swift */ = {isa = PBXFileReference; lastKnownFileType = sourcecode.swift; path = LandmarkDetail.swift; sourceTree = "<group>"; };
		C9B96DD72AF4951F00150DB8 /* FavoriteButton.swift */ = {isa = PBXFileReference; lastKnownFileType = sourcecode.swift; path = FavoriteButton.swift; sourceTree = "<group>"; };
		C9B96DDA2AF4C82A00150DB8 /* HexagonParameters.swift */ = {isa = PBXFileReference; lastKnownFileType = sourcecode.swift; path = HexagonParameters.swift; sourceTree = "<group>"; };
		C9B96DDC2AF4CB4F00150DB8 /* BadgeBackground.swift */ = {isa = PBXFileReference; lastKnownFileType = sourcecode.swift; path = BadgeBackground.swift; sourceTree = "<group>"; };
		C9B96DDE2AF4CDFE00150DB8 /* BadgeSymbol.swift */ = {isa = PBXFileReference; lastKnownFileType = sourcecode.swift; path = BadgeSymbol.swift; sourceTree = "<group>"; };
		C9B96DE02AF4CE8500150DB8 /* RotatedBadgeSymbol.swift */ = {isa = PBXFileReference; lastKnownFileType = sourcecode.swift; path = RotatedBadgeSymbol.swift; sourceTree = "<group>"; };
		C9B96DE32AF4CEED00150DB8 /* Badge.swift */ = {isa = PBXFileReference; lastKnownFileType = sourcecode.swift; path = Badge.swift; sourceTree = "<group>"; };
		C9B96DE62AF4D5D000150DB8 /* hikeData.json */ = {isa = PBXFileReference; fileEncoding = 4; lastKnownFileType = text.json; path = hikeData.json; sourceTree = "<group>"; };
		C9B96DE82AF4D5ED00150DB8 /* Hike.swift */ = {isa = PBXFileReference; lastKnownFileType = sourcecode.swift; path = Hike.swift; sourceTree = "<group>"; };
		C9EAEFCB2AEFFED700922395 /* CircleImage.swift */ = {isa = PBXFileReference; lastKnownFileType = sourcecode.swift; path = CircleImage.swift; sourceTree = "<group>"; };
		C9FEAF8E2AF74BDE0081099A /* HikeDetail.swift */ = {isa = PBXFileReference; fileEncoding = 4; lastKnownFileType = sourcecode.swift; path = HikeDetail.swift; sourceTree = "<group>"; };
		C9FEAF8F2AF74BDE0081099A /* HikeView.swift */ = {isa = PBXFileReference; fileEncoding = 4; lastKnownFileType = sourcecode.swift; path = HikeView.swift; sourceTree = "<group>"; };
		C9FEAF902AF74BDF0081099A /* HikeGraph.swift */ = {isa = PBXFileReference; fileEncoding = 4; lastKnownFileType = sourcecode.swift; path = HikeGraph.swift; sourceTree = "<group>"; };
		C9FEAF912AF74BDF0081099A /* GraphCapsule.swift */ = {isa = PBXFileReference; fileEncoding = 4; lastKnownFileType = sourcecode.swift; path = GraphCapsule.swift; sourceTree = "<group>"; };
		C9FEAF972AF7BE230081099A /* CategoryHome.swift */ = {isa = PBXFileReference; lastKnownFileType = sourcecode.swift; path = CategoryHome.swift; sourceTree = "<group>"; };
		C9FEAF992AF7C34C0081099A /* CategoryRow.swift */ = {isa = PBXFileReference; lastKnownFileType = sourcecode.swift; path = CategoryRow.swift; sourceTree = "<group>"; };
		C9FEAF9B2AF7C76B0081099A /* CategoryItem.swift */ = {isa = PBXFileReference; lastKnownFileType = sourcecode.swift; path = CategoryItem.swift; sourceTree = "<group>"; };
		C9FEAF9D2AF91F900081099A /* Profile.swift */ = {isa = PBXFileReference; lastKnownFileType = sourcecode.swift; path = Profile.swift; sourceTree = "<group>"; };
		C9FEAFA62AFA75810081099A /* ProfileSummary.swift */ = {isa = PBXFileReference; lastKnownFileType = sourcecode.swift; path = ProfileSummary.swift; sourceTree = "<group>"; };
		C9FEAFA82AFA75970081099A /* ProfileHost.swift */ = {isa = PBXFileReference; lastKnownFileType = sourcecode.swift; path = ProfileHost.swift; sourceTree = "<group>"; };
		C9FEAFAA2AFA76540081099A /* HikeBadge.swift */ = {isa = PBXFileReference; lastKnownFileType = sourcecode.swift; path = HikeBadge.swift; sourceTree = "<group>"; };
		C9FEAFAC2AFD07C90081099A /* ProfileEditor.swift */ = {isa = PBXFileReference; lastKnownFileType = sourcecode.swift; path = ProfileEditor.swift; sourceTree = "<group>"; };
		C9FEAFAF2AFE5E260081099A /* PageViewController.swift */ = {isa = PBXFileReference; lastKnownFileType = sourcecode.swift; path = PageViewController.swift; sourceTree = "<group>"; };
/* End PBXFileReference section */

/* Begin PBXFrameworksBuildPhase section */
		C9412E122AED424400A33A52 /* Frameworks */ = {
			isa = PBXFrameworksBuildPhase;
			buildActionMask = 2147483647;
			files = (
			);
			runOnlyForDeploymentPostprocessing = 0;
		};
		C9412E232AED424700A33A52 /* Frameworks */ = {
			isa = PBXFrameworksBuildPhase;
			buildActionMask = 2147483647;
			files = (
			);
			runOnlyForDeploymentPostprocessing = 0;
		};
		C9412E2D2AED424800A33A52 /* Frameworks */ = {
			isa = PBXFrameworksBuildPhase;
			buildActionMask = 2147483647;
			files = (
			);
			runOnlyForDeploymentPostprocessing = 0;
		};
/* End PBXFrameworksBuildPhase section */

/* Begin PBXGroup section */
		C9412E0C2AED424400A33A52 = {
			isa = PBXGroup;
			children = (
				C9412E172AED424400A33A52 /* Tutorial */,
				C9412E292AED424700A33A52 /* TutorialTests */,
				C9412E332AED424800A33A52 /* TutorialUITests */,
				C9412E162AED424400A33A52 /* Products */,
			);
			sourceTree = "<group>";
		};
		C9412E162AED424400A33A52 /* Products */ = {
			isa = PBXGroup;
			children = (
				C9412E152AED424400A33A52 /* Tutorial.app */,
				C9412E262AED424700A33A52 /* TutorialTests.xctest */,
				C9412E302AED424800A33A52 /* TutorialUITests.xctest */,
			);
			name = Products;
			sourceTree = "<group>";
		};
		C9412E172AED424400A33A52 /* Tutorial */ = {
			isa = PBXGroup;
			children = (
				C9B96DCD2AF3F75300150DB8 /* Resources */,
				C9B96DCC2AF3F74C00150DB8 /* Model */,
				C9B96DCB2AF3F74500150DB8 /* View */,
				C9412E182AED424400A33A52 /* LandmarkApp.swift */,
				C9412E1C2AED424700A33A52 /* Assets.xcassets */,
				C9412E1E2AED424700A33A52 /* Tutorial.entitlements */,
				C9412E1F2AED424700A33A52 /* Preview Content */,
			);
			path = Tutorial;
			sourceTree = "<group>";
		};
		C9412E1F2AED424700A33A52 /* Preview Content */ = {
			isa = PBXGroup;
			children = (
				C9412E202AED424700A33A52 /* Preview Assets.xcassets */,
			);
			path = "Preview Content";
			sourceTree = "<group>";
		};
		C9412E292AED424700A33A52 /* TutorialTests */ = {
			isa = PBXGroup;
			children = (
				C9412E2A2AED424700A33A52 /* TutorialTests.swift */,
			);
			path = TutorialTests;
			sourceTree = "<group>";
		};
		C9412E332AED424800A33A52 /* TutorialUITests */ = {
			isa = PBXGroup;
			children = (
				C9412E342AED424800A33A52 /* TutorialUITests.swift */,
				C9412E362AED424800A33A52 /* TutorialUITestsLaunchTests.swift */,
			);
			path = TutorialUITests;
			sourceTree = "<group>";
		};
		C9B96DCB2AF3F74500150DB8 /* View */ = {
			isa = PBXGroup;
			children = (
				C9FEAFAE2AFE5DFD0081099A /* PageView */,
				C9FEAFA52AFA755F0081099A /* Profile */,
				C9FEAF962AF7BE0F0081099A /* Category */,
				C9FEAF8D2AF74B810081099A /* Hikes */,
				C9B96DE52AF4D3D300150DB8 /* Badge */,
				C9B96DD92AF496AC00150DB8 /* Landmarks */,
				C9B96DD62AF494F200150DB8 /* Helper */,
				C9412E1A2AED424400A33A52 /* ContentView.swift */,
				C902D5012AFFB59300000F42 /* FeatureCard.swift */,
			);
			path = View;
			sourceTree = "<group>";
		};
		C9B96DCC2AF3F74C00150DB8 /* Model */ = {
			isa = PBXGroup;
			children = (
				C9B96DC72AF3EC5D00150DB8 /* Landmark.swift */,
				C9B96DE82AF4D5ED00150DB8 /* Hike.swift */,
				C9B96DC92AF3F4EE00150DB8 /* ModelData.swift */,
				C9FEAF9D2AF91F900081099A /* Profile.swift */,
			);
			path = Model;
			sourceTree = "<group>";
		};
		C9B96DCD2AF3F75300150DB8 /* Resources */ = {
			isa = PBXGroup;
			children = (
				C9B96DE62AF4D5D000150DB8 /* hikeData.json */,
				C9B96DCE2AF3F7A600150DB8 /* landmarkData.json */,
			);
			path = Resources;
			sourceTree = "<group>";
		};
		C9B96DD62AF494F200150DB8 /* Helper */ = {
			isa = PBXGroup;
			children = (
				C9EAEFCB2AEFFED700922395 /* CircleImage.swift */,
				C949D1482AEFFC190099CB56 /* MapView.swift */,
				C9B96DD72AF4951F00150DB8 /* FavoriteButton.swift */,
			);
			path = Helper;
			sourceTree = "<group>";
		};
		C9B96DD92AF496AC00150DB8 /* Landmarks */ = {
			isa = PBXGroup;
			children = (
				C9B96DD02AF3F90F00150DB8 /* LandmarkRow.swift */,
				C9B96DD22AF3FBC600150DB8 /* LandmarkList.swift */,
				C9B96DD42AF3FF8000150DB8 /* LandmarkDetail.swift */,
			);
			path = Landmarks;
			sourceTree = "<group>";
		};
		C9B96DE52AF4D3D300150DB8 /* Badge */ = {
			isa = PBXGroup;
			children = (
				C9B96DDA2AF4C82A00150DB8 /* HexagonParameters.swift */,
				C9B96DDC2AF4CB4F00150DB8 /* BadgeBackground.swift */,
				C9B96DDE2AF4CDFE00150DB8 /* BadgeSymbol.swift */,
				C9B96DE02AF4CE8500150DB8 /* RotatedBadgeSymbol.swift */,
				C9B96DE32AF4CEED00150DB8 /* Badge.swift */,
			);
			path = Badge;
			sourceTree = "<group>";
		};
		C9FEAF8D2AF74B810081099A /* Hikes */ = {
			isa = PBXGroup;
			children = (
				C9FEAF912AF74BDF0081099A /* GraphCapsule.swift */,
				C9FEAF8E2AF74BDE0081099A /* HikeDetail.swift */,
				C9FEAF902AF74BDF0081099A /* HikeGraph.swift */,
				C9FEAF8F2AF74BDE0081099A /* HikeView.swift */,
				C9FEAFAA2AFA76540081099A /* HikeBadge.swift */,
			);
			path = Hikes;
			sourceTree = "<group>";
		};
		C9FEAF962AF7BE0F0081099A /* Category */ = {
			isa = PBXGroup;
			children = (
				C9FEAF972AF7BE230081099A /* CategoryHome.swift */,
				C9FEAF992AF7C34C0081099A /* CategoryRow.swift */,
				C9FEAF9B2AF7C76B0081099A /* CategoryItem.swift */,
			);
			path = Category;
			sourceTree = "<group>";
		};
		C9FEAFA52AFA755F0081099A /* Profile */ = {
			isa = PBXGroup;
			children = (
				C9FEAFA62AFA75810081099A /* ProfileSummary.swift */,
				C9FEAFA82AFA75970081099A /* ProfileHost.swift */,
				C9FEAFAC2AFD07C90081099A /* ProfileEditor.swift */,
			);
			path = Profile;
			sourceTree = "<group>";
		};
		C9FEAFAE2AFE5DFD0081099A /* PageView */ = {
			isa = PBXGroup;
			children = (
				C9FEAFAF2AFE5E260081099A /* PageViewController.swift */,
				C902D5042AFFB6F600000F42 /* PageView.swift */,
			);
			path = PageView;
			sourceTree = "<group>";
		};
/* End PBXGroup section */

/* Begin PBXNativeTarget section */
		C9412E142AED424400A33A52 /* Tutorial */ = {
			isa = PBXNativeTarget;
			buildConfigurationList = C9412E3A2AED424800A33A52 /* Build configuration list for PBXNativeTarget "Tutorial" */;
			buildPhases = (
				C9412E112AED424400A33A52 /* Sources */,
				C9412E122AED424400A33A52 /* Frameworks */,
				C9412E132AED424400A33A52 /* Resources */,
			);
			buildRules = (
			);
			dependencies = (
			);
			name = Tutorial;
			productName = Tutorial;
			productReference = C9412E152AED424400A33A52 /* Tutorial.app */;
			productType = "com.apple.product-type.application";
		};
		C9412E252AED424700A33A52 /* TutorialTests */ = {
			isa = PBXNativeTarget;
			buildConfigurationList = C9412E3D2AED424800A33A52 /* Build configuration list for PBXNativeTarget "TutorialTests" */;
			buildPhases = (
				C9412E222AED424700A33A52 /* Sources */,
				C9412E232AED424700A33A52 /* Frameworks */,
				C9412E242AED424700A33A52 /* Resources */,
			);
			buildRules = (
			);
			dependencies = (
				C9412E282AED424700A33A52 /* PBXTargetDependency */,
			);
			name = TutorialTests;
			productName = TutorialTests;
			productReference = C9412E262AED424700A33A52 /* TutorialTests.xctest */;
			productType = "com.apple.product-type.bundle.unit-test";
		};
		C9412E2F2AED424800A33A52 /* TutorialUITests */ = {
			isa = PBXNativeTarget;
			buildConfigurationList = C9412E402AED424800A33A52 /* Build configuration list for PBXNativeTarget "TutorialUITests" */;
			buildPhases = (
				C9412E2C2AED424800A33A52 /* Sources */,
				C9412E2D2AED424800A33A52 /* Frameworks */,
				C9412E2E2AED424800A33A52 /* Resources */,
			);
			buildRules = (
			);
			dependencies = (
				C9412E322AED424800A33A52 /* PBXTargetDependency */,
			);
			name = TutorialUITests;
			productName = TutorialUITests;
			productReference = C9412E302AED424800A33A52 /* TutorialUITests.xctest */;
			productType = "com.apple.product-type.bundle.ui-testing";
		};
/* End PBXNativeTarget section */

/* Begin PBXProject section */
		C9412E0D2AED424400A33A52 /* Project object */ = {
			isa = PBXProject;
			attributes = {
				BuildIndependentTargetsInParallel = 1;
				LastSwiftUpdateCheck = 1430;
				LastUpgradeCheck = 1500;
				TargetAttributes = {
					C9412E142AED424400A33A52 = {
						CreatedOnToolsVersion = 14.3.1;
					};
					C9412E252AED424700A33A52 = {
						CreatedOnToolsVersion = 14.3.1;
						TestTargetID = C9412E142AED424400A33A52;
					};
					C9412E2F2AED424800A33A52 = {
						CreatedOnToolsVersion = 14.3.1;
						TestTargetID = C9412E142AED424400A33A52;
					};
				};
			};
			buildConfigurationList = C9412E102AED424400A33A52 /* Build configuration list for PBXProject "Tutorial" */;
			compatibilityVersion = "Xcode 14.0";
			developmentRegion = en;
			hasScannedForEncodings = 0;
			knownRegions = (
				en,
				Base,
			);
			mainGroup = C9412E0C2AED424400A33A52;
			productRefGroup = C9412E162AED424400A33A52 /* Products */;
			projectDirPath = "";
			projectRoot = "";
			targets = (
				C9412E142AED424400A33A52 /* Tutorial */,
				C9412E252AED424700A33A52 /* TutorialTests */,
				C9412E2F2AED424800A33A52 /* TutorialUITests */,
			);
		};
/* End PBXProject section */

/* Begin PBXResourcesBuildPhase section */
		C9412E132AED424400A33A52 /* Resources */ = {
			isa = PBXResourcesBuildPhase;
			buildActionMask = 2147483647;
			files = (
				C9B96DE72AF4D5D000150DB8 /* hikeData.json in Resources */,
				C9412E212AED424700A33A52 /* Preview Assets.xcassets in Resources */,
				C9412E1D2AED424700A33A52 /* Assets.xcassets in Resources */,
				C9B96DCF2AF3F7A600150DB8 /* landmarkData.json in Resources */,
			);
			runOnlyForDeploymentPostprocessing = 0;
		};
		C9412E242AED424700A33A52 /* Resources */ = {
			isa = PBXResourcesBuildPhase;
			buildActionMask = 2147483647;
			files = (
			);
			runOnlyForDeploymentPostprocessing = 0;
		};
		C9412E2E2AED424800A33A52 /* Resources */ = {
			isa = PBXResourcesBuildPhase;
			buildActionMask = 2147483647;
			files = (
			);
			runOnlyForDeploymentPostprocessing = 0;
		};
/* End PBXResourcesBuildPhase section */

/* Begin PBXSourcesBuildPhase section */
		C9412E112AED424400A33A52 /* Sources */ = {
			isa = PBXSourcesBuildPhase;
			buildActionMask = 2147483647;
			files = (
				C9FEAF9A2AF7C34C0081099A /* CategoryRow.swift in Sources */,
				C9FEAF9E2AF91F900081099A /* Profile.swift in Sources */,
				C9FEAF952AF74BDF0081099A /* GraphCapsule.swift in Sources */,
				C9FEAF982AF7BE230081099A /* CategoryHome.swift in Sources */,
				C902D5022AFFB59300000F42 /* FeatureCard.swift in Sources */,
				C9412E1B2AED424400A33A52 /* ContentView.swift in Sources */,
				C9FEAFA92AFA75970081099A /* ProfileHost.swift in Sources */,
				C9B96DE42AF4CEED00150DB8 /* Badge.swift in Sources */,
				C9EAEFCC2AEFFED700922395 /* CircleImage.swift in Sources */,
				C9412E192AED424400A33A52 /* LandmarkApp.swift in Sources */,
				C9FEAF942AF74BDF0081099A /* HikeGraph.swift in Sources */,
				C9B96DD82AF4951F00150DB8 /* FavoriteButton.swift in Sources */,
				C9FEAF9C2AF7C76B0081099A /* CategoryItem.swift in Sources */,
				C9B96DDB2AF4C82A00150DB8 /* HexagonParameters.swift in Sources */,
				C9B96DE92AF4D5ED00150DB8 /* Hike.swift in Sources */,
				C9B96DE12AF4CE8500150DB8 /* RotatedBadgeSymbol.swift in Sources */,
				C9FEAF922AF74BDF0081099A /* HikeDetail.swift in Sources */,
				C9B96DDF2AF4CDFE00150DB8 /* BadgeSymbol.swift in Sources */,
				C902D5052AFFB6F600000F42 /* PageView.swift in Sources */,
				C9B96DD32AF3FBC600150DB8 /* LandmarkList.swift in Sources */,
				C9FEAFAD2AFD07C90081099A /* ProfileEditor.swift in Sources */,
				C9B96DD52AF3FF8000150DB8 /* LandmarkDetail.swift in Sources */,
				C9B96DDD2AF4CB4F00150DB8 /* BadgeBackground.swift in Sources */,
				C9FEAF932AF74BDF0081099A /* HikeView.swift in Sources */,
				C9FEAFB02AFE5E260081099A /* PageViewController.swift in Sources */,
				C949D1492AEFFC190099CB56 /* MapView.swift in Sources */,
				C9FEAFAB2AFA76540081099A /* HikeBadge.swift in Sources */,
				C9B96DC82AF3EC5D00150DB8 /* Landmark.swift in Sources */,
				C9FEAFA72AFA75810081099A /* ProfileSummary.swift in Sources */,
				C9B96DD12AF3F90F00150DB8 /* LandmarkRow.swift in Sources */,
				C9B96DCA2AF3F4EE00150DB8 /* ModelData.swift in Sources */,
			);
			runOnlyForDeploymentPostprocessing = 0;
		};
		C9412E222AED424700A33A52 /* Sources */ = {
			isa = PBXSourcesBuildPhase;
			buildActionMask = 2147483647;
			files = (
				C9412E2B2AED424700A33A52 /* TutorialTests.swift in Sources */,
			);
			runOnlyForDeploymentPostprocessing = 0;
		};
		C9412E2C2AED424800A33A52 /* Sources */ = {
			isa = PBXSourcesBuildPhase;
			buildActionMask = 2147483647;
			files = (
				C9412E372AED424800A33A52 /* TutorialUITestsLaunchTests.swift in Sources */,
				C9412E352AED424800A33A52 /* TutorialUITests.swift in Sources */,
			);
			runOnlyForDeploymentPostprocessing = 0;
		};
/* End PBXSourcesBuildPhase section */

/* Begin PBXTargetDependency section */
		C9412E282AED424700A33A52 /* PBXTargetDependency */ = {
			isa = PBXTargetDependency;
			target = C9412E142AED424400A33A52 /* Tutorial */;
			targetProxy = C9412E272AED424700A33A52 /* PBXContainerItemProxy */;
		};
		C9412E322AED424800A33A52 /* PBXTargetDependency */ = {
			isa = PBXTargetDependency;
			target = C9412E142AED424400A33A52 /* Tutorial */;
			targetProxy = C9412E312AED424800A33A52 /* PBXContainerItemProxy */;
		};
/* End PBXTargetDependency section */

/* Begin XCBuildConfiguration section */
		C9412E382AED424800A33A52 /* Debug */ = {
			isa = XCBuildConfiguration;
			buildSettings = {
				ALWAYS_SEARCH_USER_PATHS = NO;
				CLANG_ANALYZER_NONNULL = YES;
				CLANG_ANALYZER_NUMBER_OBJECT_CONVERSION = YES_AGGRESSIVE;
				CLANG_CXX_LANGUAGE_STANDARD = "gnu++20";
				CLANG_ENABLE_MODULES = YES;
				CLANG_ENABLE_OBJC_ARC = YES;
				CLANG_ENABLE_OBJC_WEAK = YES;
				CLANG_WARN_BLOCK_CAPTURE_AUTORELEASING = YES;
				CLANG_WARN_BOOL_CONVERSION = YES;
				CLANG_WARN_COMMA = YES;
				CLANG_WARN_CONSTANT_CONVERSION = YES;
				CLANG_WARN_DEPRECATED_OBJC_IMPLEMENTATIONS = YES;
				CLANG_WARN_DIRECT_OBJC_ISA_USAGE = YES_ERROR;
				CLANG_WARN_DOCUMENTATION_COMMENTS = YES;
				CLANG_WARN_EMPTY_BODY = YES;
				CLANG_WARN_ENUM_CONVERSION = YES;
				CLANG_WARN_INFINITE_RECURSION = YES;
				CLANG_WARN_INT_CONVERSION = YES;
				CLANG_WARN_NON_LITERAL_NULL_CONVERSION = YES;
				CLANG_WARN_OBJC_IMPLICIT_RETAIN_SELF = YES;
				CLANG_WARN_OBJC_LITERAL_CONVERSION = YES;
				CLANG_WARN_OBJC_ROOT_CLASS = YES_ERROR;
				CLANG_WARN_QUOTED_INCLUDE_IN_FRAMEWORK_HEADER = YES;
				CLANG_WARN_RANGE_LOOP_ANALYSIS = YES;
				CLANG_WARN_STRICT_PROTOTYPES = YES;
				CLANG_WARN_SUSPICIOUS_MOVE = YES;
				CLANG_WARN_UNGUARDED_AVAILABILITY = YES_AGGRESSIVE;
				CLANG_WARN_UNREACHABLE_CODE = YES;
				CLANG_WARN__DUPLICATE_METHOD_MATCH = YES;
				COPY_PHASE_STRIP = NO;
				DEAD_CODE_STRIPPING = YES;
				DEBUG_INFORMATION_FORMAT = dwarf;
				ENABLE_STRICT_OBJC_MSGSEND = YES;
				ENABLE_TESTABILITY = YES;
				ENABLE_USER_SCRIPT_SANDBOXING = YES;
				GCC_C_LANGUAGE_STANDARD = gnu11;
				GCC_DYNAMIC_NO_PIC = NO;
				GCC_NO_COMMON_BLOCKS = YES;
				GCC_OPTIMIZATION_LEVEL = 0;
				GCC_PREPROCESSOR_DEFINITIONS = (
					"DEBUG=1",
					"$(inherited)",
				);
				GCC_WARN_64_TO_32_BIT_CONVERSION = YES;
				GCC_WARN_ABOUT_RETURN_TYPE = YES_ERROR;
				GCC_WARN_UNDECLARED_SELECTOR = YES;
				GCC_WARN_UNINITIALIZED_AUTOS = YES_AGGRESSIVE;
				GCC_WARN_UNUSED_FUNCTION = YES;
				GCC_WARN_UNUSED_VARIABLE = YES;
				IPHONEOS_DEPLOYMENT_TARGET = 17.0;
				MTL_ENABLE_DEBUG_INFO = INCLUDE_SOURCE;
				MTL_FAST_MATH = YES;
				ONLY_ACTIVE_ARCH = YES;
				SWIFT_ACTIVE_COMPILATION_CONDITIONS = DEBUG;
				SWIFT_OPTIMIZATION_LEVEL = "-Onone";
			};
			name = Debug;
		};
		C9412E392AED424800A33A52 /* Release */ = {
			isa = XCBuildConfiguration;
			buildSettings = {
				ALWAYS_SEARCH_USER_PATHS = NO;
				CLANG_ANALYZER_NONNULL = YES;
				CLANG_ANALYZER_NUMBER_OBJECT_CONVERSION = YES_AGGRESSIVE;
				CLANG_CXX_LANGUAGE_STANDARD = "gnu++20";
				CLANG_ENABLE_MODULES = YES;
				CLANG_ENABLE_OBJC_ARC = YES;
				CLANG_ENABLE_OBJC_WEAK = YES;
				CLANG_WARN_BLOCK_CAPTURE_AUTORELEASING = YES;
				CLANG_WARN_BOOL_CONVERSION = YES;
				CLANG_WARN_COMMA = YES;
				CLANG_WARN_CONSTANT_CONVERSION = YES;
				CLANG_WARN_DEPRECATED_OBJC_IMPLEMENTATIONS = YES;
				CLANG_WARN_DIRECT_OBJC_ISA_USAGE = YES_ERROR;
				CLANG_WARN_DOCUMENTATION_COMMENTS = YES;
				CLANG_WARN_EMPTY_BODY = YES;
				CLANG_WARN_ENUM_CONVERSION = YES;
				CLANG_WARN_INFINITE_RECURSION = YES;
				CLANG_WARN_INT_CONVERSION = YES;
				CLANG_WARN_NON_LITERAL_NULL_CONVERSION = YES;
				CLANG_WARN_OBJC_IMPLICIT_RETAIN_SELF = YES;
				CLANG_WARN_OBJC_LITERAL_CONVERSION = YES;
				CLANG_WARN_OBJC_ROOT_CLASS = YES_ERROR;
				CLANG_WARN_QUOTED_INCLUDE_IN_FRAMEWORK_HEADER = YES;
				CLANG_WARN_RANGE_LOOP_ANALYSIS = YES;
				CLANG_WARN_STRICT_PROTOTYPES = YES;
				CLANG_WARN_SUSPICIOUS_MOVE = YES;
				CLANG_WARN_UNGUARDED_AVAILABILITY = YES_AGGRESSIVE;
				CLANG_WARN_UNREACHABLE_CODE = YES;
				CLANG_WARN__DUPLICATE_METHOD_MATCH = YES;
				COPY_PHASE_STRIP = NO;
				DEAD_CODE_STRIPPING = YES;
				DEBUG_INFORMATION_FORMAT = "dwarf-with-dsym";
				ENABLE_NS_ASSERTIONS = NO;
				ENABLE_STRICT_OBJC_MSGSEND = YES;
				ENABLE_USER_SCRIPT_SANDBOXING = YES;
				GCC_C_LANGUAGE_STANDARD = gnu11;
				GCC_NO_COMMON_BLOCKS = YES;
				GCC_WARN_64_TO_32_BIT_CONVERSION = YES;
				GCC_WARN_ABOUT_RETURN_TYPE = YES_ERROR;
				GCC_WARN_UNDECLARED_SELECTOR = YES;
				GCC_WARN_UNINITIALIZED_AUTOS = YES_AGGRESSIVE;
				GCC_WARN_UNUSED_FUNCTION = YES;
				GCC_WARN_UNUSED_VARIABLE = YES;
				IPHONEOS_DEPLOYMENT_TARGET = 17.0;
				MTL_ENABLE_DEBUG_INFO = NO;
				MTL_FAST_MATH = YES;
				SWIFT_COMPILATION_MODE = wholemodule;
				SWIFT_OPTIMIZATION_LEVEL = "-O";
			};
			name = Release;
		};
		C9412E3B2AED424800A33A52 /* Debug */ = {
			isa = XCBuildConfiguration;
			buildSettings = {
				ASSETCATALOG_COMPILER_APPICON_NAME = AppIcon;
				ASSETCATALOG_COMPILER_GLOBAL_ACCENT_COLOR_NAME = AccentColor;
				CODE_SIGN_ENTITLEMENTS = Tutorial/Tutorial.entitlements;
				CODE_SIGN_STYLE = Automatic;
				CURRENT_PROJECT_VERSION = 1;
				DEAD_CODE_STRIPPING = YES;
				DEVELOPMENT_ASSET_PATHS = "\"Tutorial/Preview Content\"";
				DEVELOPMENT_TEAM = 9AT9M5SA5M;
				ENABLE_HARDENED_RUNTIME = YES;
				ENABLE_PREVIEWS = YES;
				GENERATE_INFOPLIST_FILE = YES;
				"INFOPLIST_KEY_UIApplicationSceneManifest_Generation[sdk=iphoneos*]" = YES;
				"INFOPLIST_KEY_UIApplicationSceneManifest_Generation[sdk=iphonesimulator*]" = YES;
				"INFOPLIST_KEY_UIApplicationSupportsIndirectInputEvents[sdk=iphoneos*]" = YES;
				"INFOPLIST_KEY_UIApplicationSupportsIndirectInputEvents[sdk=iphonesimulator*]" = YES;
				"INFOPLIST_KEY_UILaunchScreen_Generation[sdk=iphoneos*]" = YES;
				"INFOPLIST_KEY_UILaunchScreen_Generation[sdk=iphonesimulator*]" = YES;
				"INFOPLIST_KEY_UIStatusBarStyle[sdk=iphoneos*]" = UIStatusBarStyleDefault;
				"INFOPLIST_KEY_UIStatusBarStyle[sdk=iphonesimulator*]" = UIStatusBarStyleDefault;
				INFOPLIST_KEY_UISupportedInterfaceOrientations_iPad = "UIInterfaceOrientationPortrait UIInterfaceOrientationPortraitUpsideDown UIInterfaceOrientationLandscapeLeft UIInterfaceOrientationLandscapeRight";
				INFOPLIST_KEY_UISupportedInterfaceOrientations_iPhone = "UIInterfaceOrientationPortrait UIInterfaceOrientationLandscapeLeft UIInterfaceOrientationLandscapeRight";
				IPHONEOS_DEPLOYMENT_TARGET = 17.0;
				LD_RUNPATH_SEARCH_PATHS = "@executable_path/Frameworks";
				"LD_RUNPATH_SEARCH_PATHS[sdk=macosx*]" = "@executable_path/../Frameworks";
				MACOSX_DEPLOYMENT_TARGET = 13.3;
				MARKETING_VERSION = 1.0;
				PRODUCT_BUNDLE_IDENTIFIER = "com.ryo-fukahori.Tutorial";
				PRODUCT_NAME = "$(TARGET_NAME)";
				SDKROOT = auto;
				SUPPORTED_PLATFORMS = "iphoneos iphonesimulator macosx";
				SWIFT_EMIT_LOC_STRINGS = YES;
				SWIFT_VERSION = 5.0;
				TARGETED_DEVICE_FAMILY = "1,2";
			};
			name = Debug;
		};
		C9412E3C2AED424800A33A52 /* Release */ = {
			isa = XCBuildConfiguration;
			buildSettings = {
				ASSETCATALOG_COMPILER_APPICON_NAME = AppIcon;
				ASSETCATALOG_COMPILER_GLOBAL_ACCENT_COLOR_NAME = AccentColor;
				CODE_SIGN_ENTITLEMENTS = Tutorial/Tutorial.entitlements;
				CODE_SIGN_STYLE = Automatic;
				CURRENT_PROJECT_VERSION = 1;
				DEAD_CODE_STRIPPING = YES;
				DEVELOPMENT_ASSET_PATHS = "\"Tutorial/Preview Content\"";
				DEVELOPMENT_TEAM = 9AT9M5SA5M;
				ENABLE_HARDENED_RUNTIME = YES;
				ENABLE_PREVIEWS = YES;
				GENERATE_INFOPLIST_FILE = YES;
				"INFOPLIST_KEY_UIApplicationSceneManifest_Generation[sdk=iphoneos*]" = YES;
				"INFOPLIST_KEY_UIApplicationSceneManifest_Generation[sdk=iphonesimulator*]" = YES;
				"INFOPLIST_KEY_UIApplicationSupportsIndirectInputEvents[sdk=iphoneos*]" = YES;
				"INFOPLIST_KEY_UIApplicationSupportsIndirectInputEvents[sdk=iphonesimulator*]" = YES;
				"INFOPLIST_KEY_UILaunchScreen_Generation[sdk=iphoneos*]" = YES;
				"INFOPLIST_KEY_UILaunchScreen_Generation[sdk=iphonesimulator*]" = YES;
				"INFOPLIST_KEY_UIStatusBarStyle[sdk=iphoneos*]" = UIStatusBarStyleDefault;
				"INFOPLIST_KEY_UIStatusBarStyle[sdk=iphonesimulator*]" = UIStatusBarStyleDefault;
				INFOPLIST_KEY_UISupportedInterfaceOrientations_iPad = "UIInterfaceOrientationPortrait UIInterfaceOrientationPortraitUpsideDown UIInterfaceOrientationLandscapeLeft UIInterfaceOrientationLandscapeRight";
				INFOPLIST_KEY_UISupportedInterfaceOrientations_iPhone = "UIInterfaceOrientationPortrait UIInterfaceOrientationLandscapeLeft UIInterfaceOrientationLandscapeRight";
				IPHONEOS_DEPLOYMENT_TARGET = 17.0;
				LD_RUNPATH_SEARCH_PATHS = "@executable_path/Frameworks";
				"LD_RUNPATH_SEARCH_PATHS[sdk=macosx*]" = "@executable_path/../Frameworks";
				MACOSX_DEPLOYMENT_TARGET = 13.3;
				MARKETING_VERSION = 1.0;
				PRODUCT_BUNDLE_IDENTIFIER = "com.ryo-fukahori.Tutorial";
				PRODUCT_NAME = "$(TARGET_NAME)";
				SDKROOT = auto;
				SUPPORTED_PLATFORMS = "iphoneos iphonesimulator macosx";
				SWIFT_EMIT_LOC_STRINGS = YES;
				SWIFT_VERSION = 5.0;
				TARGETED_DEVICE_FAMILY = "1,2";
			};
			name = Release;
		};
		C9412E3E2AED424800A33A52 /* Debug */ = {
			isa = XCBuildConfiguration;
			buildSettings = {
				ALWAYS_EMBED_SWIFT_STANDARD_LIBRARIES = YES;
				BUNDLE_LOADER = "$(TEST_HOST)";
				CODE_SIGN_STYLE = Automatic;
				CURRENT_PROJECT_VERSION = 1;
				DEAD_CODE_STRIPPING = YES;
				DEVELOPMENT_TEAM = U375LPJ8FT;
				GENERATE_INFOPLIST_FILE = YES;
				IPHONEOS_DEPLOYMENT_TARGET = 16.4;
				MACOSX_DEPLOYMENT_TARGET = 13.3;
				MARKETING_VERSION = 1.0;
				PRODUCT_BUNDLE_IDENTIFIER = "com.ryo-fukahori.TutorialTests";
				PRODUCT_NAME = "$(TARGET_NAME)";
				SDKROOT = auto;
				SUPPORTED_PLATFORMS = "iphoneos iphonesimulator macosx";
				SWIFT_EMIT_LOC_STRINGS = NO;
				SWIFT_VERSION = 5.0;
				TARGETED_DEVICE_FAMILY = "1,2";
				TEST_HOST = "$(BUILT_PRODUCTS_DIR)/Tutorial.app/$(BUNDLE_EXECUTABLE_FOLDER_PATH)/Tutorial";
			};
			name = Debug;
		};
		C9412E3F2AED424800A33A52 /* Release */ = {
			isa = XCBuildConfiguration;
			buildSettings = {
				ALWAYS_EMBED_SWIFT_STANDARD_LIBRARIES = YES;
				BUNDLE_LOADER = "$(TEST_HOST)";
				CODE_SIGN_STYLE = Automatic;
				CURRENT_PROJECT_VERSION = 1;
				DEAD_CODE_STRIPPING = YES;
				DEVELOPMENT_TEAM = U375LPJ8FT;
				GENERATE_INFOPLIST_FILE = YES;
				IPHONEOS_DEPLOYMENT_TARGET = 16.4;
				MACOSX_DEPLOYMENT_TARGET = 13.3;
				MARKETING_VERSION = 1.0;
				PRODUCT_BUNDLE_IDENTIFIER = "com.ryo-fukahori.TutorialTests";
				PRODUCT_NAME = "$(TARGET_NAME)";
				SDKROOT = auto;
				SUPPORTED_PLATFORMS = "iphoneos iphonesimulator macosx";
				SWIFT_EMIT_LOC_STRINGS = NO;
				SWIFT_VERSION = 5.0;
				TARGETED_DEVICE_FAMILY = "1,2";
				TEST_HOST = "$(BUILT_PRODUCTS_DIR)/Tutorial.app/$(BUNDLE_EXECUTABLE_FOLDER_PATH)/Tutorial";
			};
			name = Release;
		};
		C9412E412AED424800A33A52 /* Debug */ = {
			isa = XCBuildConfiguration;
			buildSettings = {
				ALWAYS_EMBED_SWIFT_STANDARD_LIBRARIES = YES;
				CODE_SIGN_STYLE = Automatic;
				CURRENT_PROJECT_VERSION = 1;
				DEAD_CODE_STRIPPING = YES;
				DEVELOPMENT_TEAM = U375LPJ8FT;
				GENERATE_INFOPLIST_FILE = YES;
				IPHONEOS_DEPLOYMENT_TARGET = 16.4;
				MACOSX_DEPLOYMENT_TARGET = 13.3;
				MARKETING_VERSION = 1.0;
				PRODUCT_BUNDLE_IDENTIFIER = "com.ryo-fukahori.TutorialUITests";
				PRODUCT_NAME = "$(TARGET_NAME)";
				SDKROOT = auto;
				SUPPORTED_PLATFORMS = "iphoneos iphonesimulator macosx";
				SWIFT_EMIT_LOC_STRINGS = NO;
				SWIFT_VERSION = 5.0;
				TARGETED_DEVICE_FAMILY = "1,2";
				TEST_TARGET_NAME = Tutorial;
			};
			name = Debug;
		};
		C9412E422AED424800A33A52 /* Release */ = {
			isa = XCBuildConfiguration;
			buildSettings = {
				ALWAYS_EMBED_SWIFT_STANDARD_LIBRARIES = YES;
				CODE_SIGN_STYLE = Automatic;
				CURRENT_PROJECT_VERSION = 1;
				DEAD_CODE_STRIPPING = YES;
				DEVELOPMENT_TEAM = U375LPJ8FT;
				GENERATE_INFOPLIST_FILE = YES;
				IPHONEOS_DEPLOYMENT_TARGET = 16.4;
				MACOSX_DEPLOYMENT_TARGET = 13.3;
				MARKETING_VERSION = 1.0;
				PRODUCT_BUNDLE_IDENTIFIER = "com.ryo-fukahori.TutorialUITests";
				PRODUCT_NAME = "$(TARGET_NAME)";
				SDKROOT = auto;
				SUPPORTED_PLATFORMS = "iphoneos iphonesimulator macosx";
				SWIFT_EMIT_LOC_STRINGS = NO;
				SWIFT_VERSION = 5.0;
				TARGETED_DEVICE_FAMILY = "1,2";
				TEST_TARGET_NAME = Tutorial;
			};
			name = Release;
		};
/* End XCBuildConfiguration section */

/* Begin XCConfigurationList section */
		C9412E102AED424400A33A52 /* Build configuration list for PBXProject "Tutorial" */ = {
			isa = XCConfigurationList;
			buildConfigurations = (
				C9412E382AED424800A33A52 /* Debug */,
				C9412E392AED424800A33A52 /* Release */,
			);
			defaultConfigurationIsVisible = 0;
			defaultConfigurationName = Release;
		};
		C9412E3A2AED424800A33A52 /* Build configuration list for PBXNativeTarget "Tutorial" */ = {
			isa = XCConfigurationList;
			buildConfigurations = (
				C9412E3B2AED424800A33A52 /* Debug */,
				C9412E3C2AED424800A33A52 /* Release */,
			);
			defaultConfigurationIsVisible = 0;
			defaultConfigurationName = Release;
		};
		C9412E3D2AED424800A33A52 /* Build configuration list for PBXNativeTarget "TutorialTests" */ = {
			isa = XCConfigurationList;
			buildConfigurations = (
				C9412E3E2AED424800A33A52 /* Debug */,
				C9412E3F2AED424800A33A52 /* Release */,
			);
			defaultConfigurationIsVisible = 0;
			defaultConfigurationName = Release;
		};
		C9412E402AED424800A33A52 /* Build configuration list for PBXNativeTarget "TutorialUITests" */ = {
			isa = XCConfigurationList;
			buildConfigurations = (
				C9412E412AED424800A33A52 /* Debug */,
				C9412E422AED424800A33A52 /* Release */,
			);
			defaultConfigurationIsVisible = 0;
			defaultConfigurationName = Release;
		};
/* End XCConfigurationList section */
	};
	rootObject = C9412E0D2AED424400A33A52 /* Project object */;
}
